{
    "_readme": [
        "This file locks the dependencies of your project to a known state",
        "Read more about it at https://getcomposer.org/doc/01-basic-usage.md#composer-lock-the-lock-file",
        "This file is @generated automatically"
    ],
    "hash": "94ef786ea1a42a7812a9b9f1c5d5b1dc",
    "content-hash": "08d6ff334d4012b1cd86ada4b35807cd",
    "packages": [
        {
            "name": "addwiki/mediawiki-api-base",
            "version": "2.2.0",
            "source": {
                "type": "git",
                "url": "https://github.com/addwiki/mediawiki-api-base.git",
                "reference": "89ec264148a0e085ae2d317faeb5550993bd8962"
            },
            "dist": {
                "type": "zip",
                "url": "https://api.github.com/repos/addwiki/mediawiki-api-base/zipball/89ec264148a0e085ae2d317faeb5550993bd8962",
                "reference": "89ec264148a0e085ae2d317faeb5550993bd8962",
                "shasum": ""
            },
            "require": {
                "guzzlehttp/guzzle": "~6.0",
                "guzzlehttp/promises": "~1.0",
                "php": ">=5.5",
                "psr/log": "~1.0"
            },
            "type": "library",
            "extra": {
                "branch-alias": {
                    "dev-master": "2.2.x-dev"
                }
            },
            "autoload": {
                "psr-4": {
                    "Mediawiki\\Api\\": "src/"
                }
            },
            "notification-url": "https://packagist.org/downloads/",
            "license": [
                "GPL-2.0+"
            ],
            "authors": [
                {
                    "name": "Addshore"
                }
            ],
            "description": "A basic Mediawiki api base lib",
            "keywords": [
                "mediawiki"
            ],
            "time": "2016-01-18 11:00:11"
        },
        {
            "name": "addwiki/mediawiki-datamodel",
            "version": "0.6",
            "source": {
                "type": "git",
                "url": "https://github.com/addwiki/mediawiki-datamodel.git",
                "reference": "bbc2603db84c87e098907039de060c75d971b5f4"
            },
            "dist": {
                "type": "zip",
                "url": "https://api.github.com/repos/addwiki/mediawiki-datamodel/zipball/bbc2603db84c87e098907039de060c75d971b5f4",
                "reference": "bbc2603db84c87e098907039de060c75d971b5f4",
                "shasum": ""
            },
            "type": "library",
            "extra": {
                "branch-alias": {
                    "dev-master": "0.6.x-dev"
                }
            },
            "autoload": {
                "psr-4": {
                    "Mediawiki\\DataModel\\": "src/"
                }
            },
            "notification-url": "https://packagist.org/downloads/",
            "license": [
                "GPL-2.0+"
            ],
            "authors": [
                {
                    "name": "Addshore"
                }
            ],
            "description": "A Mediawiki datamodel",
            "keywords": [
                "mediawiki"
            ],
            "time": "2015-09-04 12:48:13"
        },
        {
            "name": "addwiki/wikibase-api",
            "version": "dev-master",
            "source": {
                "type": "git",
                "url": "https://github.com/addwiki/wikibase-api.git",
                "reference": "bc27e059c76da6dffc0f9a9420160289c7283df3"
            },
            "dist": {
                "type": "zip",
                "url": "https://api.github.com/repos/addwiki/wikibase-api/zipball/bc27e059c76da6dffc0f9a9420160289c7283df3",
                "reference": "bc27e059c76da6dffc0f9a9420160289c7283df3",
                "shasum": ""
            },
            "require": {
                "addwiki/mediawiki-api-base": "~2.0",
                "addwiki/mediawiki-datamodel": "~0.5.0|~0.6.0",
                "php": ">=5.5",
                "serialization/serialization": "~3.2",
                "wikibase/data-model": "~4.2",
                "wikibase/data-model-serialization": "~2.0",
                "wikibase/data-model-services": "~3.0"
            },
            "require-dev": {
                "data-values/common": "~0.3.0",
                "data-values/data-values": "~1.0.0",
                "data-values/geo": "~1.0|~0.2.0",
                "data-values/number": "~0.5.0",
                "data-values/serialization": "~1.0",
                "data-values/time": "~0.8.0",
                "data-values/validators": "~0.1.0"
            },
            "type": "library",
            "extra": {
                "branch-alias": {
                    "dev-master": "0.7.x-dev"
                }
            },
            "autoload": {
                "psr-4": {
                    "Wikibase\\": "src/"
                }
            },
            "notification-url": "https://packagist.org/downloads/",
            "license": [
                "GPL-2.0+"
            ],
            "authors": [
                {
                    "name": "Addshore"
                }
            ],
            "description": "A Wikibase api lib",
            "keywords": [
                "mediawiki",
                "wikibase",
                "wikidata"
            ],
            "time": "2016-02-10 10:35:39"
        },
        {
            "name": "data-values/data-values",
            "version": "1.0.0",
            "source": {
                "type": "git",
                "url": "https://github.com/DataValues/DataValues.git",
                "reference": "de2b9abdbc26c4c393b25aa621619dfe3fc10fdc"
            },
            "dist": {
                "type": "zip",
                "url": "https://api.github.com/repos/DataValues/DataValues/zipball/de2b9abdbc26c4c393b25aa621619dfe3fc10fdc",
                "reference": "de2b9abdbc26c4c393b25aa621619dfe3fc10fdc",
                "shasum": ""
            },
            "require": {
                "php": ">=5.3.0"
            },
            "replace": {
                "mediawiki/data-values": "*"
            },
            "type": "library",
            "extra": {
                "branch-alias": {
                    "dev-master": "1.0.x-dev"
                }
            },
            "autoload": {
                "files": [
                    "DataValues.php"
                ],
                "classmap": [
                    "src/interfaces",
                    "tests/phpunit/DataValueTest.php"
                ],
                "psr-0": {
                    "DataValues\\": "src/"
                }
            },
            "notification-url": "https://packagist.org/downloads/",
            "license": [
                "GPL-2.0+"
            ],
            "authors": [
                {
                    "name": "Jeroen De Dauw",
                    "email": "jeroendedauw@gmail.com",
                    "homepage": "http://jeroendedauw.com",
                    "role": "Developer"
                }
            ],
            "description": "Defines the DataValue interface and some trivial implementations",
            "homepage": "https://github.com/DataValues/DataValues",
            "keywords": [
                "datavalues",
                "wikibase",
                "wikidata"
            ],
            "time": "2014-09-26 07:02:27"
        },
        {
            "name": "data-values/serialization",
            "version": "1.0.3",
            "source": {
                "type": "git",
                "url": "https://github.com/DataValues/Serialization.git",
                "reference": "fdd00409bcd036ac22f1640652af0f387f4fa8be"
            },
            "dist": {
                "type": "zip",
                "url": "https://api.github.com/repos/DataValues/Serialization/zipball/fdd00409bcd036ac22f1640652af0f387f4fa8be",
                "reference": "fdd00409bcd036ac22f1640652af0f387f4fa8be",
                "shasum": ""
            },
            "require": {
                "data-values/data-values": "~1.0|~0.1",
                "php": ">=5.3.0",
                "serialization/serialization": "~3.0"
            },
            "type": "library",
            "extra": {
                "branch-alias": {
                    "dev-master": "1.0.x-dev"
                }
            },
            "autoload": {
                "psr-4": {
                    "DataValues\\Serializers\\": "src/Serializers",
                    "DataValues\\Deserializers\\": "src/Deserializers"
                }
            },
            "notification-url": "https://packagist.org/downloads/",
            "license": [
                "GPL-2.0+"
            ],
            "authors": [
                {
                    "name": "Jeroen De Dauw",
                    "email": "jeroendedauw@gmail.com",
                    "homepage": "http://jeroendedauw.com",
                    "role": "Developer"
                }
            ],
            "description": "Serializers and deserializers for DataValue implementations",
            "homepage": "https://github.com/DataValues/Serialization",
            "keywords": [
                "datavalues",
                "deserializers",
                "serialization",
                "serializers",
                "wikidata"
            ],
            "time": "2015-08-05 09:15:00"
        },
        {
            "name": "diff/diff",
            "version": "2.0.0",
            "source": {
                "type": "git",
                "url": "https://github.com/wmde/Diff.git",
                "reference": "779bd922b53a4483f722c546621c0a401e3f2900"
            },
            "dist": {
                "type": "zip",
                "url": "https://api.github.com/repos/wmde/Diff/zipball/779bd922b53a4483f722c546621c0a401e3f2900",
                "reference": "779bd922b53a4483f722c546621c0a401e3f2900",
                "shasum": ""
            },
            "require": {
                "php": ">=5.3.0"
            },
            "require-dev": {
                "phpmd/phpmd": "~2.1",
                "squizlabs/php_codesniffer": "~2.1"
            },
            "type": "library",
            "extra": {
                "branch-alias": {
                    "dev-master": "2.0.x-dev"
                }
            },
            "autoload": {
                "files": [
                    "Diff.php"
                ],
                "psr-4": {
                    "Diff\\": "src/"
                }
            },
            "notification-url": "https://packagist.org/downloads/",
            "license": [
                "GPL-2.0+"
            ],
            "authors": [
                {
                    "name": "Jeroen De Dauw",
                    "email": "jeroendedauw@gmail.com",
                    "homepage": "http://jeroendedauw.com",
                    "role": "Developer"
                }
            ],
            "description": "Small standalone library for representing differences between data structures, computing such differences, and applying them as patches",
            "homepage": "https://github.com/wmde/Diff",
            "keywords": [
                "diff",
                "diffing",
                "diffop",
                "patching",
                "wikidata"
            ],
            "time": "2015-03-17 15:21:21"
        },
        {
            "name": "guzzlehttp/guzzle",
            "version": "6.2.0",
            "source": {
                "type": "git",
                "url": "https://github.com/guzzle/guzzle.git",
                "reference": "d094e337976dff9d8e2424e8485872194e768662"
            },
            "dist": {
                "type": "zip",
                "url": "https://api.github.com/repos/guzzle/guzzle/zipball/d094e337976dff9d8e2424e8485872194e768662",
                "reference": "d094e337976dff9d8e2424e8485872194e768662",
                "shasum": ""
            },
            "require": {
                "guzzlehttp/promises": "~1.0",
                "guzzlehttp/psr7": "~1.1",
                "php": ">=5.5.0"
            },
            "require-dev": {
                "ext-curl": "*",
                "phpunit/phpunit": "~4.0",
                "psr/log": "~1.0"
            },
            "type": "library",
            "extra": {
                "branch-alias": {
                    "dev-master": "6.2-dev"
                }
            },
            "autoload": {
                "files": [
                    "src/functions_include.php"
                ],
                "psr-4": {
                    "GuzzleHttp\\": "src/"
                }
            },
            "notification-url": "https://packagist.org/downloads/",
            "license": [
                "MIT"
            ],
            "authors": [
                {
                    "name": "Michael Dowling",
                    "email": "mtdowling@gmail.com",
                    "homepage": "https://github.com/mtdowling"
                }
            ],
            "description": "Guzzle is a PHP HTTP client library",
            "homepage": "http://guzzlephp.org/",
            "keywords": [
                "client",
                "curl",
                "framework",
                "http",
                "http client",
                "rest",
                "web service"
            ],
            "time": "2016-03-21 20:02:09"
        },
        {
            "name": "guzzlehttp/promises",
            "version": "1.1.0",
            "source": {
                "type": "git",
                "url": "https://github.com/guzzle/promises.git",
                "reference": "bb9024c526b22f3fe6ae55a561fd70653d470aa8"
            },
            "dist": {
                "type": "zip",
                "url": "https://api.github.com/repos/guzzle/promises/zipball/bb9024c526b22f3fe6ae55a561fd70653d470aa8",
                "reference": "bb9024c526b22f3fe6ae55a561fd70653d470aa8",
                "shasum": ""
            },
            "require": {
                "php": ">=5.5.0"
            },
            "require-dev": {
                "phpunit/phpunit": "~4.0"
            },
            "type": "library",
            "extra": {
                "branch-alias": {
                    "dev-master": "1.0-dev"
                }
            },
            "autoload": {
                "psr-4": {
                    "GuzzleHttp\\Promise\\": "src/"
                },
                "files": [
                    "src/functions_include.php"
                ]
            },
            "notification-url": "https://packagist.org/downloads/",
            "license": [
                "MIT"
            ],
            "authors": [
                {
                    "name": "Michael Dowling",
                    "email": "mtdowling@gmail.com",
                    "homepage": "https://github.com/mtdowling"
                }
            ],
            "description": "Guzzle promises library",
            "keywords": [
                "promise"
            ],
            "time": "2016-03-08 01:15:46"
        },
        {
            "name": "guzzlehttp/psr7",
            "version": "1.2.3",
            "source": {
                "type": "git",
                "url": "https://github.com/guzzle/psr7.git",
                "reference": "2e89629ff057ebb49492ba08e6995d3a6a80021b"
            },
            "dist": {
                "type": "zip",
                "url": "https://api.github.com/repos/guzzle/psr7/zipball/2e89629ff057ebb49492ba08e6995d3a6a80021b",
                "reference": "2e89629ff057ebb49492ba08e6995d3a6a80021b",
                "shasum": ""
            },
            "require": {
                "php": ">=5.4.0",
                "psr/http-message": "~1.0"
            },
            "provide": {
                "psr/http-message-implementation": "1.0"
            },
            "require-dev": {
                "phpunit/phpunit": "~4.0"
            },
            "type": "library",
            "extra": {
                "branch-alias": {
                    "dev-master": "1.0-dev"
                }
            },
            "autoload": {
                "psr-4": {
                    "GuzzleHttp\\Psr7\\": "src/"
                },
                "files": [
                    "src/functions_include.php"
                ]
            },
            "notification-url": "https://packagist.org/downloads/",
            "license": [
                "MIT"
            ],
            "authors": [
                {
                    "name": "Michael Dowling",
                    "email": "mtdowling@gmail.com",
                    "homepage": "https://github.com/mtdowling"
                }
            ],
            "description": "PSR-7 message implementation",
            "keywords": [
                "http",
                "message",
                "stream",
                "uri"
            ],
            "time": "2016-02-18 21:54:00"
        },
        {
            "name": "ilya/belt",
            "version": "2.1.1",
            "source": {
                "type": "git",
                "url": "https://github.com/ilya-dev/belt.git",
                "reference": "e6229b855eaa9291c667f804975f29e563dc777c"
            },
            "dist": {
                "type": "zip",
                "url": "https://api.github.com/repos/ilya-dev/belt/zipball/e6229b855eaa9291c667f804975f29e563dc777c",
                "reference": "e6229b855eaa9291c667f804975f29e563dc777c",
                "shasum": ""
            },
            "require": {
                "php": ">=5.4.0"
            },
            "require-dev": {
                "phpspec/phpspec": "~2"
            },
            "type": "library",
            "autoload": {
                "psr-4": {
                    "Belt\\": "src/Belt/"
                }
            },
            "notification-url": "https://packagist.org/downloads/",
            "license": [
                "MIT"
            ],
            "authors": [
                {
                    "name": "Ilya S",
                    "email": "public.ilya.s@gmail.com"
                }
            ],
            "description": "A handful of tools for PHP devs",
            "keywords": [
                "arrays",
                "collections",
                "functions",
                "objects",
                "php",
                "tools",
                "utilities"
            ],
            "time": "2014-05-21 08:48:47"
        },
        {
            "name": "psr/http-message",
            "version": "1.0",
            "source": {
                "type": "git",
                "url": "https://github.com/php-fig/http-message.git",
                "reference": "85d63699f0dbedb190bbd4b0d2b9dc707ea4c298"
            },
            "dist": {
                "type": "zip",
                "url": "https://api.github.com/repos/php-fig/http-message/zipball/85d63699f0dbedb190bbd4b0d2b9dc707ea4c298",
                "reference": "85d63699f0dbedb190bbd4b0d2b9dc707ea4c298",
                "shasum": ""
            },
            "require": {
                "php": ">=5.3.0"
            },
            "type": "library",
            "extra": {
                "branch-alias": {
                    "dev-master": "1.0.x-dev"
                }
            },
            "autoload": {
                "psr-4": {
                    "Psr\\Http\\Message\\": "src/"
                }
            },
            "notification-url": "https://packagist.org/downloads/",
            "license": [
                "MIT"
            ],
            "authors": [
                {
                    "name": "PHP-FIG",
                    "homepage": "http://www.php-fig.org/"
                }
            ],
            "description": "Common interface for HTTP messages",
            "keywords": [
                "http",
                "http-message",
                "psr",
                "psr-7",
                "request",
                "response"
            ],
            "time": "2015-05-04 20:22:00"
        },
        {
            "name": "psr/log",
            "version": "1.0.0",
            "source": {
                "type": "git",
                "url": "https://github.com/php-fig/log.git",
                "reference": "fe0936ee26643249e916849d48e3a51d5f5e278b"
            },
            "dist": {
                "type": "zip",
                "url": "https://api.github.com/repos/php-fig/log/zipball/fe0936ee26643249e916849d48e3a51d5f5e278b",
                "reference": "fe0936ee26643249e916849d48e3a51d5f5e278b",
                "shasum": ""
            },
            "type": "library",
            "autoload": {
                "psr-0": {
                    "Psr\\Log\\": ""
                }
            },
            "notification-url": "https://packagist.org/downloads/",
            "license": [
                "MIT"
            ],
            "authors": [
                {
                    "name": "PHP-FIG",
                    "homepage": "http://www.php-fig.org/"
                }
            ],
            "description": "Common interface for logging libraries",
            "keywords": [
                "log",
                "psr",
                "psr-3"
            ],
            "time": "2012-12-21 11:40:51"
        },
        {
            "name": "serialization/serialization",
            "version": "3.2.1",
            "source": {
                "type": "git",
                "url": "https://github.com/wmde/Serialization.git",
                "reference": "8e06ec58c8f52079942c9cb2f30b2260f62dc1f4"
            },
            "dist": {
                "type": "zip",
                "url": "https://api.github.com/repos/wmde/Serialization/zipball/8e06ec58c8f52079942c9cb2f30b2260f62dc1f4",
                "reference": "8e06ec58c8f52079942c9cb2f30b2260f62dc1f4",
                "shasum": ""
            },
            "require": {
                "php": ">=5.3.0"
            },
            "type": "library",
            "extra": {
                "branch-alias": {
                    "dev-master": "3.2.x-dev"
                }
            },
            "autoload": {
                "files": [
                    "Serialization.php"
                ],
                "psr-4": {
                    "Deserializers\\": "src/Deserializers/",
                    "Serializers\\": "src/Serializers/"
                }
            },
            "notification-url": "https://packagist.org/downloads/",
            "license": [
                "GPL-2.0+"
            ],
            "authors": [
                {
                    "name": "Jeroen De Dauw",
                    "email": "jeroendedauw@gmail.com",
                    "homepage": "http://jeroendedauw.com",
                    "role": "Developer"
                }
            ],
            "description": "Library defining a Serializer and a Deserializer interface and basic utilities",
            "homepage": "https://github.com/wmde/Serialization",
            "keywords": [
                "deserialization",
                "deserializer",
                "serialization",
                "serializer",
                "unserialization",
                "wikidata"
            ],
            "time": "2014-08-19 01:53:31"
        },
        {
            "name": "wikibase/data-model",
            "version": "4.4.0",
            "source": {
                "type": "git",
                "url": "https://github.com/wmde/WikibaseDataModel.git",
                "reference": "7df08f19f6efe1233b653af1cad370cfee5986dc"
            },
            "dist": {
                "type": "zip",
                "url": "https://api.github.com/repos/wmde/WikibaseDataModel/zipball/7df08f19f6efe1233b653af1cad370cfee5986dc",
                "reference": "7df08f19f6efe1233b653af1cad370cfee5986dc",
                "shasum": ""
            },
            "require": {
                "data-values/data-values": "~0.1|~1.0",
                "php": ">=5.3.0"
            },
            "require-dev": {
                "ockcyp/covers-validator": "~0.2.0",
                "phpmd/phpmd": "~2.3",
                "squizlabs/php_codesniffer": "~2.3"
            },
            "type": "library",
            "extra": {
                "branch-alias": {
                    "dev-master": "4.4.x-dev"
                }
            },
            "autoload": {
                "files": [
                    "WikibaseDataModel.php"
                ],
                "psr-4": {
                    "Wikibase\\DataModel\\": "src/"
                }
            },
            "notification-url": "https://packagist.org/downloads/",
            "license": [
                "GPL-2.0+"
            ],
            "authors": [
                {
                    "name": "Thiemo Mättig"
                },
                {
                    "name": "Jeroen De Dauw",
                    "email": "jeroendedauw@gmail.com",
                    "homepage": "http://jeroendedauw.com"
                }
            ],
            "description": "PHP implementation of the Wikibase DataModel",
            "homepage": "https://github.com/wmde/WikibaseDataModel",
            "keywords": [
                "DataModel",
                "wikibase",
                "wikidata"
            ],
            "time": "2016-01-20 15:16:14"
        },
        {
            "name": "wikibase/data-model-serialization",
            "version": "2.2.0",
            "source": {
                "type": "git",
                "url": "https://github.com/wmde/WikibaseDataModelSerialization.git",
                "reference": "7d892107536e8499880aa70963841ff002f421bf"
            },
            "dist": {
                "type": "zip",
                "url": "https://api.github.com/repos/wmde/WikibaseDataModelSerialization/zipball/7d892107536e8499880aa70963841ff002f421bf",
                "reference": "7d892107536e8499880aa70963841ff002f421bf",
                "shasum": ""
            },
            "require": {
                "data-values/serialization": "~1.0",
                "php": ">=5.3.0",
                "serialization/serialization": "~3.1",
                "wikibase/data-model": "~6.0|~5.0|~4.2"
            },
            "require-dev": {
                "data-values/geo": "~1.0|~0.1",
                "data-values/number": "~0.2",
                "data-values/time": "~0.2"
            },
            "type": "library",
            "extra": {
                "branch-alias": {
                    "dev-master": "2.2.x-dev"
                }
            },
            "autoload": {
                "psr-4": {
                    "Wikibase\\DataModel\\": "src/"
                },
                "files": [
                    "mediawiki.php"
                ]
            },
            "notification-url": "https://packagist.org/downloads/",
            "license": [
                "GPL-2.0+"
            ],
            "authors": [
                {
                    "name": "Thomas PT",
                    "homepage": "https://github.com/Tpt"
                },
                {
                    "name": "Jeroen De Dauw",
                    "email": "jeroendedauw@gmail.com",
                    "homepage": "http://jeroendedauw.com"
                }
            ],
            "description": "Serializers and deserializers for the Wikibase DataModel",
            "homepage": "https://github.com/wmde/WikibaseDataModelSerialization",
            "keywords": [
                "DataModel",
                "deserializers",
                "serialization",
                "serializers",
                "wikibase",
                "wikidata"
            ],
            "time": "2016-03-11 10:27:31"
        },
        {
            "name": "wikibase/data-model-services",
            "version": "3.5.0",
            "source": {
                "type": "git",
                "url": "https://github.com/wmde/WikibaseDataModelServices.git",
                "reference": "7f838a3cac336bbd8ddf73e4f23fe89d99eda52d"
            },
            "dist": {
                "type": "zip",
                "url": "https://api.github.com/repos/wmde/WikibaseDataModelServices/zipball/7f838a3cac336bbd8ddf73e4f23fe89d99eda52d",
                "reference": "7f838a3cac336bbd8ddf73e4f23fe89d99eda52d",
                "shasum": ""
            },
            "require": {
                "data-values/data-values": "~0.1|~1.0",
                "diff/diff": "~2.0|~1.0",
                "php": ">=5.3.0",
                "wikibase/data-model": "~6.0|~5.0|~4.2"
            },
            "require-dev": {
                "phpmd/phpmd": "~2.3",
                "squizlabs/php_codesniffer": "~2.3"
            },
            "type": "library",
            "extra": {
                "branch-alias": {
                    "dev-master": "3.5.x-dev"
                }
            },
            "autoload": {
                "psr-4": {
                    "Wikibase\\DataModel\\Services\\": "src/"
                }
            },
            "notification-url": "https://packagist.org/downloads/",
            "license": [
                "GPL-2.0+"
            ],
            "authors": [
                {
                    "name": "Jeroen De Dauw",
                    "email": "jeroendedauw@gmail.com",
                    "homepage": "http://jeroendedauw.com"
                }
            ],
            "description": "Services around the Wikibase DataModel",
            "homepage": "https://github.com/wmde/WikibaseDataModelServices",
            "keywords": [
                "DataModel",
                "wikibase",
                "wikidata"
            ],
            "time": "2016-03-14 17:39:13"
        }
    ],
    "packages-dev": [],
    "aliases": [],
    "minimum-stability": "stable",
    "stability-flags": {
        "addwiki/wikibase-api": 20
    },
    "prefer-stable": false,
    "prefer-lowest": false,
    "platform": [],
    "platform-dev": []
}
